
Microsoft Visual Studio Solution File, Format Version 12.00
# Visual Studio 15
VisualStudioVersion = 15.0.27703.2035
MinimumVisualStudioVersion = 10.0.40219.1
Project("{FAE04EC0-301F-11D3-BF4B-00C04F79EFBC}") = "GUI", "GUI\GUI.csproj", "{15E14E9C-B090-4206-A419-0A2F9F44AF22}"
EndProject
Project("{FAE04EC0-301F-11D3-BF4B-00C04F79EFBC}") = "BLL", "BLL\BLL.csproj", "{746457E5-74FB-4657-8BF6-4F62F08B79EC}"
EndProject
Global
	GlobalSection(SolutionConfigurationPlatforms) = preSolution
		Debug|Any CPU = Debug|Any CPU
		Release|Any CPU = Release|Any CPU
	EndGlobalSection
	GlobalSection(ProjectConfigurationPlatforms) = postSolution
		{15E14E9C-B090-4206-A419-0A2F9F44AF22}.Debug|Any CPU.ActiveCfg = Debug|Any CPU
		{15E14E9C-B090-4206-A419-0A2F9F44AF22}.Debug|Any CPU.Build.0 = Debug|Any CPU
		{15E14E9C-B090-4206-A419-0A2F9F44AF22}.Release|Any CPU.ActiveCfg = Release|Any CPU
		{15E14E9C-B090-4206-A419-0A2F9F44AF22}.Release|Any CPU.Build.0 = Release|Any CPU
		{746457E5-74FB-4657-8BF6-4F62F08B79EC}.Debug|Any CPU.ActiveCfg = Debug|Any CPU
		{746457E5-74FB-4657-8BF6-4F62F08B79EC}.Debug|Any CPU.Build.0 = Debug|Any CPU
		{746457E5-74FB-4657-8BF6-4F62F08B79EC}.Release|Any CPU.ActiveCfg = Release|Any CPU
		{746457E5-74FB-4657-8BF6-4F62F08B79EC}.Release|Any CPU.Build.0 = Release|Any CPU
	EndGlobalSection
	GlobalSection(SolutionProperties) = preSolution
		HideSolutionNode = FALSE
	EndGlobalSection
	GlobalSection(ExtensibilityGlobals) = postSolution
		SolutionGuid = {1824FE5E-C7E1-4358-B77A-EF83A79F283D}
	EndGlobalSection
EndGlobal
