
Microsoft Visual Studio Solution File, Format Version 12.00
# Visual Studio 15
VisualStudioVersion = 15.0.28010.2036
MinimumVisualStudioVersion = 10.0.40219.1
Project("{FAE04EC0-301F-11D3-BF4B-00C04F79EFBC}") = "WebService", "WebService\WebService.csproj", "{435D2041-8111-492C-8757-405904FE4B75}"
EndProject
Global
	GlobalSection(SolutionConfigurationPlatforms) = preSolution
		Debug|Any CPU = Debug|Any CPU
		Release|Any CPU = Release|Any CPU
	EndGlobalSection
	GlobalSection(ProjectConfigurationPlatforms) = postSolution
		{435D2041-8111-492C-8757-405904FE4B75}.Debug|Any CPU.ActiveCfg = Debug|Any CPU
		{435D2041-8111-492C-8757-405904FE4B75}.Debug|Any CPU.Build.0 = Debug|Any CPU
		{435D2041-8111-492C-8757-405904FE4B75}.Release|Any CPU.ActiveCfg = Release|Any CPU
		{435D2041-8111-492C-8757-405904FE4B75}.Release|Any CPU.Build.0 = Release|Any CPU
	EndGlobalSection
	GlobalSection(SolutionProperties) = preSolution
		HideSolutionNode = FALSE
	EndGlobalSection
	GlobalSection(ExtensibilityGlobals) = postSolution
		SolutionGuid = {4E2CB5B0-4911-475E-B9B1-F63A6CDFFCA3}
	EndGlobalSection
EndGlobal
